
Microsoft Visual Studio Solution File, Format Version 12.00
# Visual Studio Version 17
VisualStudioVersion = 17.8.34525.116
MinimumVisualStudioVersion = 10.0.40219.1
Project("{FAE04EC0-301F-11D3-BF4B-00C04F79EFBC}") = "WCFLogicaPrimerServicio", "WCFLogicaPrimerServicio\WCFLogicaPrimerServicio.csproj", "{239750C7-10E5-43C3-B63E-DFA8A9608AC3}"
EndProject
Project("{FAE04EC0-301F-11D3-BF4B-00C04F79EFBC}") = "WCFHostPrimerServicio", "WCFHostPrimerServicio\WCFHostPrimerServicio.csproj", "{C5F26972-3D16-4DE7-A817-15539765CB6B}"
EndProject
Global
	GlobalSection(SolutionConfigurationPlatforms) = preSolution
		Debug|Any CPU = Debug|Any CPU
		Release|Any CPU = Release|Any CPU
	EndGlobalSection
	GlobalSection(ProjectConfigurationPlatforms) = postSolution
		{239750C7-10E5-43C3-B63E-DFA8A9608AC3}.Debug|Any CPU.ActiveCfg = Debug|Any CPU
		{239750C7-10E5-43C3-B63E-DFA8A9608AC3}.Debug|Any CPU.Build.0 = Debug|Any CPU
		{239750C7-10E5-43C3-B63E-DFA8A9608AC3}.Release|Any CPU.ActiveCfg = Release|Any CPU
		{239750C7-10E5-43C3-B63E-DFA8A9608AC3}.Release|Any CPU.Build.0 = Release|Any CPU
		{C5F26972-3D16-4DE7-A817-15539765CB6B}.Debug|Any CPU.ActiveCfg = Debug|Any CPU
		{C5F26972-3D16-4DE7-A817-15539765CB6B}.Debug|Any CPU.Build.0 = Debug|Any CPU
		{C5F26972-3D16-4DE7-A817-15539765CB6B}.Release|Any CPU.ActiveCfg = Release|Any CPU
		{C5F26972-3D16-4DE7-A817-15539765CB6B}.Release|Any CPU.Build.0 = Release|Any CPU
	EndGlobalSection
	GlobalSection(SolutionProperties) = preSolution
		HideSolutionNode = FALSE
	EndGlobalSection
	GlobalSection(ExtensibilityGlobals) = postSolution
		SolutionGuid = {CE9ACFAD-7B99-4844-9D6F-CB056FFF4B55}
	EndGlobalSection
EndGlobal
